
Microsoft Visual Studio Solution File, Format Version 12.00
# Visual Studio Version 17
VisualStudioVersion = 17.12.35707.178
MinimumVisualStudioVersion = 10.0.40219.1
Project("{FAE04EC0-301F-11D3-BF4B-00C04F79EFBC}") = "Claim_stuff", "Claim_stuff.csproj", "{B4F371F2-7573-42F3-B058-96F8BB11AD05}"
EndProject
Project("{FAE04EC0-301F-11D3-BF4B-00C04F79EFBC}") = "poe_testing", "..\poe_testing\poe_testing.csproj", "{59143F53-07F6-4628-8C88-14A7C23525E9}"
EndProject
Global
	GlobalSection(SolutionConfigurationPlatforms) = preSolution
		Debug|Any CPU = Debug|Any CPU
		Release|Any CPU = Release|Any CPU
	EndGlobalSection
	GlobalSection(ProjectConfigurationPlatforms) = postSolution
		{B4F371F2-7573-42F3-B058-96F8BB11AD05}.Debug|Any CPU.ActiveCfg = Debug|Any CPU
		{B4F371F2-7573-42F3-B058-96F8BB11AD05}.Debug|Any CPU.Build.0 = Debug|Any CPU
		{B4F371F2-7573-42F3-B058-96F8BB11AD05}.Release|Any CPU.ActiveCfg = Release|Any CPU
		{B4F371F2-7573-42F3-B058-96F8BB11AD05}.Release|Any CPU.Build.0 = Release|Any CPU
		{59143F53-07F6-4628-8C88-14A7C23525E9}.Debug|Any CPU.ActiveCfg = Debug|Any CPU
		{59143F53-07F6-4628-8C88-14A7C23525E9}.Debug|Any CPU.Build.0 = Debug|Any CPU
		{59143F53-07F6-4628-8C88-14A7C23525E9}.Release|Any CPU.ActiveCfg = Release|Any CPU
		{59143F53-07F6-4628-8C88-14A7C23525E9}.Release|Any CPU.Build.0 = Release|Any CPU
	EndGlobalSection
	GlobalSection(SolutionProperties) = preSolution
		HideSolutionNode = FALSE
	EndGlobalSection
	GlobalSection(ExtensibilityGlobals) = postSolution
		SolutionGuid = {D8E573B7-D80B-46F4-9236-92D041421188}
	EndGlobalSection
EndGlobal
